
Microsoft Visual Studio Solution File, Format Version 12.00
# Visual Studio Version 16
VisualStudioVersion = 16.0.29306.81
MinimumVisualStudioVersion = 10.0.40219.1
Project("{FAE04EC0-301F-11D3-BF4B-00C04F79EFBC}") = "Ejer2Ev1", "Ejer2Ev1\Ejer2Ev1.csproj", "{B475EBD2-D334-49EC-8F5F-EE8AF8BACD7B}"
EndProject
Global
	GlobalSection(SolutionConfigurationPlatforms) = preSolution
		Debug|Any CPU = Debug|Any CPU
		Release|Any CPU = Release|Any CPU
	EndGlobalSection
	GlobalSection(ProjectConfigurationPlatforms) = postSolution
		{B475EBD2-D334-49EC-8F5F-EE8AF8BACD7B}.Debug|Any CPU.ActiveCfg = Debug|Any CPU
		{B475EBD2-D334-49EC-8F5F-EE8AF8BACD7B}.Debug|Any CPU.Build.0 = Debug|Any CPU
		{B475EBD2-D334-49EC-8F5F-EE8AF8BACD7B}.Release|Any CPU.ActiveCfg = Release|Any CPU
		{B475EBD2-D334-49EC-8F5F-EE8AF8BACD7B}.Release|Any CPU.Build.0 = Release|Any CPU
	EndGlobalSection
	GlobalSection(SolutionProperties) = preSolution
		HideSolutionNode = FALSE
	EndGlobalSection
	GlobalSection(ExtensibilityGlobals) = postSolution
		SolutionGuid = {239B71A2-9BA3-4F3D-8FE3-1C443DEB1FB5}
	EndGlobalSection
EndGlobal
