
Microsoft Visual Studio Solution File, Format Version 12.00
# Visual Studio Version 16
VisualStudioVersion = 16.0.29306.81
MinimumVisualStudioVersion = 10.0.40219.1
Project("{FAE04EC0-301F-11D3-BF4B-00C04F79EFBC}") = "Ejercicio1Ev1", "Ejercicio11Ev1\Ejercicio1Ev1.csproj", "{BC3744C7-B883-4401-97AC-265A812E5C61}"
EndProject
Global
	GlobalSection(SolutionConfigurationPlatforms) = preSolution
		Debug|Any CPU = Debug|Any CPU
		Release|Any CPU = Release|Any CPU
	EndGlobalSection
	GlobalSection(ProjectConfigurationPlatforms) = postSolution
		{BC3744C7-B883-4401-97AC-265A812E5C61}.Debug|Any CPU.ActiveCfg = Debug|Any CPU
		{BC3744C7-B883-4401-97AC-265A812E5C61}.Debug|Any CPU.Build.0 = Debug|Any CPU
		{BC3744C7-B883-4401-97AC-265A812E5C61}.Release|Any CPU.ActiveCfg = Release|Any CPU
		{BC3744C7-B883-4401-97AC-265A812E5C61}.Release|Any CPU.Build.0 = Release|Any CPU
	EndGlobalSection
	GlobalSection(SolutionProperties) = preSolution
		HideSolutionNode = FALSE
	EndGlobalSection
	GlobalSection(ExtensibilityGlobals) = postSolution
		SolutionGuid = {45981BAD-9AEE-40CB-B41A-8C9ED355AF8A}
	EndGlobalSection
EndGlobal
