
Microsoft Visual Studio Solution File, Format Version 12.00
# Visual Studio Version 16
VisualStudioVersion = 16.0.29306.81
MinimumVisualStudioVersion = 10.0.40219.1
Project("{FAE04EC0-301F-11D3-BF4B-00C04F79EFBC}") = "Ejer1Ev2", "Ejer1Ev2\Ejer1Ev2.csproj", "{CDF1C208-7C46-477C-AA3A-38EA6168F152}"
EndProject
Global
	GlobalSection(SolutionConfigurationPlatforms) = preSolution
		Debug|Any CPU = Debug|Any CPU
		Release|Any CPU = Release|Any CPU
	EndGlobalSection
	GlobalSection(ProjectConfigurationPlatforms) = postSolution
		{CDF1C208-7C46-477C-AA3A-38EA6168F152}.Debug|Any CPU.ActiveCfg = Debug|Any CPU
		{CDF1C208-7C46-477C-AA3A-38EA6168F152}.Debug|Any CPU.Build.0 = Debug|Any CPU
		{CDF1C208-7C46-477C-AA3A-38EA6168F152}.Release|Any CPU.ActiveCfg = Release|Any CPU
		{CDF1C208-7C46-477C-AA3A-38EA6168F152}.Release|Any CPU.Build.0 = Release|Any CPU
	EndGlobalSection
	GlobalSection(SolutionProperties) = preSolution
		HideSolutionNode = FALSE
	EndGlobalSection
	GlobalSection(ExtensibilityGlobals) = postSolution
		SolutionGuid = {A5C0C9DB-9672-41EE-A12C-147276941956}
	EndGlobalSection
EndGlobal
