
Microsoft Visual Studio Solution File, Format Version 12.00
# Visual Studio Version 16
VisualStudioVersion = 16.0.29306.81
MinimumVisualStudioVersion = 10.0.40219.1
Project("{FAE04EC0-301F-11D3-BF4B-00C04F79EFBC}") = "Ejer6Ev2", "Ejer6Ev2\Ejer6Ev2.csproj", "{1B85A52C-04CD-4441-AA3C-D937ED984192}"
EndProject
Project("{FAE04EC0-301F-11D3-BF4B-00C04F79EFBC}") = "WindowsFormsApp2", "WindowsFormsApp2\WindowsFormsApp2.csproj", "{E97D1F12-E7FD-40C4-9C14-C210CAB8C225}"
EndProject
Global
	GlobalSection(SolutionConfigurationPlatforms) = preSolution
		Debug|Any CPU = Debug|Any CPU
		Release|Any CPU = Release|Any CPU
	EndGlobalSection
	GlobalSection(ProjectConfigurationPlatforms) = postSolution
		{1B85A52C-04CD-4441-AA3C-D937ED984192}.Debug|Any CPU.ActiveCfg = Debug|Any CPU
		{1B85A52C-04CD-4441-AA3C-D937ED984192}.Debug|Any CPU.Build.0 = Debug|Any CPU
		{1B85A52C-04CD-4441-AA3C-D937ED984192}.Release|Any CPU.ActiveCfg = Release|Any CPU
		{1B85A52C-04CD-4441-AA3C-D937ED984192}.Release|Any CPU.Build.0 = Release|Any CPU
		{E97D1F12-E7FD-40C4-9C14-C210CAB8C225}.Debug|Any CPU.ActiveCfg = Debug|Any CPU
		{E97D1F12-E7FD-40C4-9C14-C210CAB8C225}.Debug|Any CPU.Build.0 = Debug|Any CPU
		{E97D1F12-E7FD-40C4-9C14-C210CAB8C225}.Release|Any CPU.ActiveCfg = Release|Any CPU
		{E97D1F12-E7FD-40C4-9C14-C210CAB8C225}.Release|Any CPU.Build.0 = Release|Any CPU
	EndGlobalSection
	GlobalSection(SolutionProperties) = preSolution
		HideSolutionNode = FALSE
	EndGlobalSection
	GlobalSection(ExtensibilityGlobals) = postSolution
		SolutionGuid = {C5F5405D-3906-4E87-AA9C-88F9333F67A1}
	EndGlobalSection
EndGlobal
