
Microsoft Visual Studio Solution File, Format Version 12.00
# Visual Studio Version 16
VisualStudioVersion = 16.0.29306.81
MinimumVisualStudioVersion = 10.0.40219.1
Project("{FAE04EC0-301F-11D3-BF4B-00C04F79EFBC}") = "WindowsFormsApp1", "WindowsFormsApp1\WindowsFormsApp1.csproj", "{D4535A93-DDB9-4306-B83B-77C57C91381E}"
EndProject
Project("{FAE04EC0-301F-11D3-BF4B-00C04F79EFBC}") = "EtiquetaAviso", "EtiquetaAviso\EtiquetaAviso.csproj", "{683E430C-DDF6-4249-AECC-8DB33F0429EE}"
EndProject
Global
	GlobalSection(SolutionConfigurationPlatforms) = preSolution
		Debug|Any CPU = Debug|Any CPU
		Release|Any CPU = Release|Any CPU
	EndGlobalSection
	GlobalSection(ProjectConfigurationPlatforms) = postSolution
		{D4535A93-DDB9-4306-B83B-77C57C91381E}.Debug|Any CPU.ActiveCfg = Debug|Any CPU
		{D4535A93-DDB9-4306-B83B-77C57C91381E}.Debug|Any CPU.Build.0 = Debug|Any CPU
		{D4535A93-DDB9-4306-B83B-77C57C91381E}.Release|Any CPU.ActiveCfg = Release|Any CPU
		{D4535A93-DDB9-4306-B83B-77C57C91381E}.Release|Any CPU.Build.0 = Release|Any CPU
		{683E430C-DDF6-4249-AECC-8DB33F0429EE}.Debug|Any CPU.ActiveCfg = Debug|Any CPU
		{683E430C-DDF6-4249-AECC-8DB33F0429EE}.Debug|Any CPU.Build.0 = Debug|Any CPU
		{683E430C-DDF6-4249-AECC-8DB33F0429EE}.Release|Any CPU.ActiveCfg = Release|Any CPU
		{683E430C-DDF6-4249-AECC-8DB33F0429EE}.Release|Any CPU.Build.0 = Release|Any CPU
	EndGlobalSection
	GlobalSection(SolutionProperties) = preSolution
		HideSolutionNode = FALSE
	EndGlobalSection
	GlobalSection(ExtensibilityGlobals) = postSolution
		SolutionGuid = {6A4A0241-D31A-477D-AA9F-2F5358A99C90}
	EndGlobalSection
EndGlobal
