
Microsoft Visual Studio Solution File, Format Version 12.00
# Visual Studio Version 16
VisualStudioVersion = 16.0.29306.81
MinimumVisualStudioVersion = 10.0.40219.1
Project("{FAE04EC0-301F-11D3-BF4B-00C04F79EFBC}") = "Ejer1Ev1", "Ejer1Ev1\Ejer1Ev1.csproj", "{331293C0-A10D-4D3F-8658-F7CCB3B25E21}"
EndProject
Global
	GlobalSection(SolutionConfigurationPlatforms) = preSolution
		Debug|Any CPU = Debug|Any CPU
		Release|Any CPU = Release|Any CPU
	EndGlobalSection
	GlobalSection(ProjectConfigurationPlatforms) = postSolution
		{331293C0-A10D-4D3F-8658-F7CCB3B25E21}.Debug|Any CPU.ActiveCfg = Debug|Any CPU
		{331293C0-A10D-4D3F-8658-F7CCB3B25E21}.Debug|Any CPU.Build.0 = Debug|Any CPU
		{331293C0-A10D-4D3F-8658-F7CCB3B25E21}.Release|Any CPU.ActiveCfg = Release|Any CPU
		{331293C0-A10D-4D3F-8658-F7CCB3B25E21}.Release|Any CPU.Build.0 = Release|Any CPU
	EndGlobalSection
	GlobalSection(SolutionProperties) = preSolution
		HideSolutionNode = FALSE
	EndGlobalSection
	GlobalSection(ExtensibilityGlobals) = postSolution
		SolutionGuid = {DE898B58-91D0-4D1C-8ADB-031475D3FFA5}
	EndGlobalSection
EndGlobal
